
Microsoft Visual Studio Solution File, Format Version 12.00
# Visual Studio 14
VisualStudioVersion = 14.0.22823.1
MinimumVisualStudioVersion = 10.0.40219.1
Project("{FAE04EC0-301F-11D3-BF4B-00C04F79EFBC}") = "WebASPMVC_BS", "WebASPMVC-BS\WebASPMVC_BS.csproj", "{E5FC1A64-5990-4ECB-B536-CA1C7AF37D3E}"
EndProject
Project("{FAE04EC0-301F-11D3-BF4B-00C04F79EFBC}") = "WebASPMVC_BS.Tests", "WebASPMVC_BS.Tests\WebASPMVC_BS.Tests.csproj", "{64B7C139-F973-4BA6-B49E-642A0CFCD15F}"
EndProject
Global
	GlobalSection(SolutionConfigurationPlatforms) = preSolution
		Debug|Any CPU = Debug|Any CPU
		Release|Any CPU = Release|Any CPU
	EndGlobalSection
	GlobalSection(ProjectConfigurationPlatforms) = postSolution
		{E5FC1A64-5990-4ECB-B536-CA1C7AF37D3E}.Debug|Any CPU.ActiveCfg = Debug|Any CPU
		{E5FC1A64-5990-4ECB-B536-CA1C7AF37D3E}.Debug|Any CPU.Build.0 = Debug|Any CPU
		{E5FC1A64-5990-4ECB-B536-CA1C7AF37D3E}.Release|Any CPU.ActiveCfg = Release|Any CPU
		{E5FC1A64-5990-4ECB-B536-CA1C7AF37D3E}.Release|Any CPU.Build.0 = Release|Any CPU
		{64B7C139-F973-4BA6-B49E-642A0CFCD15F}.Debug|Any CPU.ActiveCfg = Debug|Any CPU
		{64B7C139-F973-4BA6-B49E-642A0CFCD15F}.Debug|Any CPU.Build.0 = Debug|Any CPU
		{64B7C139-F973-4BA6-B49E-642A0CFCD15F}.Release|Any CPU.ActiveCfg = Release|Any CPU
		{64B7C139-F973-4BA6-B49E-642A0CFCD15F}.Release|Any CPU.Build.0 = Release|Any CPU
	EndGlobalSection
	GlobalSection(SolutionProperties) = preSolution
		HideSolutionNode = FALSE
	EndGlobalSection
EndGlobal
